// !$*UTF8*$!
{
	archiveVersion = 1;
	classes = {
	};
	objectVersion = 56;
	objects = {

/* Begin PBXBuildFile section */
		04E6EA8F2B3C185B00B3A2B9 /* HW_4_5_DYApp.swift in Sources */ = {isa = PBXBuildFile; fileRef = 04E6EA8E2B3C185B00B3A2B9 /* HW_4_5_DYApp.swift */; };
		04E6EA912B3C185B00B3A2B9 /* StartView.swift in Sources */ = {isa = PBXBuildFile; fileRef = 04E6EA902B3C185B00B3A2B9 /* StartView.swift */; };
		04E6EA932B3C185C00B3A2B9 /* Assets.xcassets in Resources */ = {isa = PBXBuildFile; fileRef = 04E6EA922B3C185C00B3A2B9 /* Assets.xcassets */; };
		04E6EA962B3C185C00B3A2B9 /* Preview Assets.xcassets in Resources */ = {isa = PBXBuildFile; fileRef = 04E6EA952B3C185C00B3A2B9 /* Preview Assets.xcassets */; };
		04E6EA9D2B3C18E000B3A2B9 /* Models.swift in Sources */ = {isa = PBXBuildFile; fileRef = 04E6EA9C2B3C18DF00B3A2B9 /* Models.swift */; };
		04E6EA9F2B3C191B00B3A2B9 /* DataStore.swift in Sources */ = {isa = PBXBuildFile; fileRef = 04E6EA9E2B3C191B00B3A2B9 /* DataStore.swift */; };
		04E6EAA92B3C1C8E00B3A2B9 /* ContactsView.swift in Sources */ = {isa = PBXBuildFile; fileRef = 04E6EAA82B3C1C8E00B3A2B9 /* ContactsView.swift */; };
		04E6EAAB2B3C1C9A00B3A2B9 /* PhonesView.swift in Sources */ = {isa = PBXBuildFile; fileRef = 04E6EAAA2B3C1C9A00B3A2B9 /* PhonesView.swift */; };
		04E6EAAD2B3C1EB100B3A2B9 /* ContactView.swift in Sources */ = {isa = PBXBuildFile; fileRef = 04E6EAAC2B3C1EB100B3A2B9 /* ContactView.swift */; };
		04E6EAB02B3C22F300B3A2B9 /* ContactSharedView.swift in Sources */ = {isa = PBXBuildFile; fileRef = 04E6EAAF2B3C22F300B3A2B9 /* ContactSharedView.swift */; };
/* End PBXBuildFile section */

/* Begin PBXFileReference section */
		04E6EA8B2B3C185B00B3A2B9 /* HW-4.5-DY.app */ = {isa = PBXFileReference; explicitFileType = wrapper.application; includeInIndex = 0; path = "HW-4.5-DY.app"; sourceTree = BUILT_PRODUCTS_DIR; };
		04E6EA8E2B3C185B00B3A2B9 /* HW_4_5_DYApp.swift */ = {isa = PBXFileReference; lastKnownFileType = sourcecode.swift; path = HW_4_5_DYApp.swift; sourceTree = "<group>"; };
		04E6EA902B3C185B00B3A2B9 /* StartView.swift */ = {isa = PBXFileReference; lastKnownFileType = sourcecode.swift; path = StartView.swift; sourceTree = "<group>"; };
		04E6EA922B3C185C00B3A2B9 /* Assets.xcassets */ = {isa = PBXFileReference; lastKnownFileType = folder.assetcatalog; path = Assets.xcassets; sourceTree = "<group>"; };
		04E6EA952B3C185C00B3A2B9 /* Preview Assets.xcassets */ = {isa = PBXFileReference; lastKnownFileType = folder.assetcatalog; path = "Preview Assets.xcassets"; sourceTree = "<group>"; };
		04E6EA9C2B3C18DF00B3A2B9 /* Models.swift */ = {isa = PBXFileReference; lastKnownFileType = sourcecode.swift; path = Models.swift; sourceTree = "<group>"; };
		04E6EA9E2B3C191B00B3A2B9 /* DataStore.swift */ = {isa = PBXFileReference; lastKnownFileType = sourcecode.swift; path = DataStore.swift; sourceTree = "<group>"; };
		04E6EAA82B3C1C8E00B3A2B9 /* ContactsView.swift */ = {isa = PBXFileReference; lastKnownFileType = sourcecode.swift; path = ContactsView.swift; sourceTree = "<group>"; };
		04E6EAAA2B3C1C9A00B3A2B9 /* PhonesView.swift */ = {isa = PBXFileReference; lastKnownFileType = sourcecode.swift; path = PhonesView.swift; sourceTree = "<group>"; };
		04E6EAAC2B3C1EB100B3A2B9 /* ContactView.swift */ = {isa = PBXFileReference; lastKnownFileType = sourcecode.swift; path = ContactView.swift; sourceTree = "<group>"; };
		04E6EAAF2B3C22F300B3A2B9 /* ContactSharedView.swift */ = {isa = PBXFileReference; lastKnownFileType = sourcecode.swift; path = ContactSharedView.swift; sourceTree = "<group>"; };
/* End PBXFileReference section */

/* Begin PBXFrameworksBuildPhase section */
		04E6EA882B3C185B00B3A2B9 /* Frameworks */ = {
			isa = PBXFrameworksBuildPhase;
			buildActionMask = 2147483647;
			files = (
			);
			runOnlyForDeploymentPostprocessing = 0;
		};
/* End PBXFrameworksBuildPhase section */

/* Begin PBXGroup section */
		04E6EA822B3C185B00B3A2B9 = {
			isa = PBXGroup;
			children = (
				04E6EA8D2B3C185B00B3A2B9 /* HW-4.5-DY */,
				04E6EA8C2B3C185B00B3A2B9 /* Products */,
			);
			sourceTree = "<group>";
		};
		04E6EA8C2B3C185B00B3A2B9 /* Products */ = {
			isa = PBXGroup;
			children = (
				04E6EA8B2B3C185B00B3A2B9 /* HW-4.5-DY.app */,
			);
			name = Products;
			sourceTree = "<group>";
		};
		04E6EA8D2B3C185B00B3A2B9 /* HW-4.5-DY */ = {
			isa = PBXGroup;
			children = (
				04E6EAA02B3C1BBF00B3A2B9 /* App */,
				04E6EAA42B3C1BE100B3A2B9 /* Resources */,
				04E6EAA52B3C1BEA00B3A2B9 /* Services */,
				04E6EAA72B3C1BF500B3A2B9 /* Models */,
				04E6EAAE2B3C1FCE00B3A2B9 /* SharedViews */,
				04E6EAA62B3C1BF100B3A2B9 /* Views */,
			);
			path = "HW-4.5-DY";
			sourceTree = "<group>";
		};
		04E6EA942B3C185C00B3A2B9 /* Preview Content */ = {
			isa = PBXGroup;
			children = (
				04E6EA952B3C185C00B3A2B9 /* Preview Assets.xcassets */,
			);
			path = "Preview Content";
			sourceTree = "<group>";
		};
		04E6EAA02B3C1BBF00B3A2B9 /* App */ = {
			isa = PBXGroup;
			children = (
				04E6EA8E2B3C185B00B3A2B9 /* HW_4_5_DYApp.swift */,
			);
			path = App;
			sourceTree = "<group>";
		};
		04E6EAA42B3C1BE100B3A2B9 /* Resources */ = {
			isa = PBXGroup;
			children = (
				04E6EA922B3C185C00B3A2B9 /* Assets.xcassets */,
				04E6EA942B3C185C00B3A2B9 /* Preview Content */,
			);
			path = Resources;
			sourceTree = "<group>";
		};
		04E6EAA52B3C1BEA00B3A2B9 /* Services */ = {
			isa = PBXGroup;
			children = (
				04E6EA9E2B3C191B00B3A2B9 /* DataStore.swift */,
			);
			path = Services;
			sourceTree = "<group>";
		};
		04E6EAA62B3C1BF100B3A2B9 /* Views */ = {
			isa = PBXGroup;
			children = (
				04E6EA902B3C185B00B3A2B9 /* StartView.swift */,
				04E6EAA82B3C1C8E00B3A2B9 /* ContactsView.swift */,
				04E6EAAC2B3C1EB100B3A2B9 /* ContactView.swift */,
				04E6EAAA2B3C1C9A00B3A2B9 /* PhonesView.swift */,
			);
			path = Views;
			sourceTree = "<group>";
		};
		04E6EAA72B3C1BF500B3A2B9 /* Models */ = {
			isa = PBXGroup;
			children = (
				04E6EA9C2B3C18DF00B3A2B9 /* Models.swift */,
			);
			path = Models;
			sourceTree = "<group>";
		};
		04E6EAAE2B3C1FCE00B3A2B9 /* SharedViews */ = {
			isa = PBXGroup;
			children = (
				04E6EAAF2B3C22F300B3A2B9 /* ContactSharedView.swift */,
			);
			path = SharedViews;
			sourceTree = "<group>";
		};
/* End PBXGroup section */

/* Begin PBXNativeTarget section */
		04E6EA8A2B3C185B00B3A2B9 /* HW-4.5-DY */ = {
			isa = PBXNativeTarget;
			buildConfigurationList = 04E6EA992B3C185C00B3A2B9 /* Build configuration list for PBXNativeTarget "HW-4.5-DY" */;
			buildPhases = (
				04E6EA872B3C185B00B3A2B9 /* Sources */,
				04E6EA882B3C185B00B3A2B9 /* Frameworks */,
				04E6EA892B3C185B00B3A2B9 /* Resources */,
			);
			buildRules = (
			);
			dependencies = (
			);
			name = "HW-4.5-DY";
			productName = "HW-4.5-DY";
			productReference = 04E6EA8B2B3C185B00B3A2B9 /* HW-4.5-DY.app */;
			productType = "com.apple.product-type.application";
		};
/* End PBXNativeTarget section */

/* Begin PBXProject section */
		04E6EA832B3C185B00B3A2B9 /* Project object */ = {
			isa = PBXProject;
			attributes = {
				BuildIndependentTargetsInParallel = 1;
				LastSwiftUpdateCheck = 1510;
				LastUpgradeCheck = 1510;
				TargetAttributes = {
					04E6EA8A2B3C185B00B3A2B9 = {
						CreatedOnToolsVersion = 15.1;
					};
				};
			};
			buildConfigurationList = 04E6EA862B3C185B00B3A2B9 /* Build configuration list for PBXProject "HW-4.5-DY" */;
			compatibilityVersion = "Xcode 14.0";
			developmentRegion = en;
			hasScannedForEncodings = 0;
			knownRegions = (
				en,
				Base,
			);
			mainGroup = 04E6EA822B3C185B00B3A2B9;
			productRefGroup = 04E6EA8C2B3C185B00B3A2B9 /* Products */;
			projectDirPath = "";
			projectRoot = "";
			targets = (
				04E6EA8A2B3C185B00B3A2B9 /* HW-4.5-DY */,
			);
		};
/* End PBXProject section */

/* Begin PBXResourcesBuildPhase section */
		04E6EA892B3C185B00B3A2B9 /* Resources */ = {
			isa = PBXResourcesBuildPhase;
			buildActionMask = 2147483647;
			files = (
				04E6EA962B3C185C00B3A2B9 /* Preview Assets.xcassets in Resources */,
				04E6EA932B3C185C00B3A2B9 /* Assets.xcassets in Resources */,
			);
			runOnlyForDeploymentPostprocessing = 0;
		};
/* End PBXResourcesBuildPhase section */

/* Begin PBXSourcesBuildPhase section */
		04E6EA872B3C185B00B3A2B9 /* Sources */ = {
			isa = PBXSourcesBuildPhase;
			buildActionMask = 2147483647;
			files = (
				04E6EAB02B3C22F300B3A2B9 /* ContactSharedView.swift in Sources */,
				04E6EA9D2B3C18E000B3A2B9 /* Models.swift in Sources */,
				04E6EA9F2B3C191B00B3A2B9 /* DataStore.swift in Sources */,
				04E6EA912B3C185B00B3A2B9 /* StartView.swift in Sources */,
				04E6EAAB2B3C1C9A00B3A2B9 /* PhonesView.swift in Sources */,
				04E6EAAD2B3C1EB100B3A2B9 /* ContactView.swift in Sources */,
				04E6EAA92B3C1C8E00B3A2B9 /* ContactsView.swift in Sources */,
				04E6EA8F2B3C185B00B3A2B9 /* HW_4_5_DYApp.swift in Sources */,
			);
			runOnlyForDeploymentPostprocessing = 0;
		};
/* End PBXSourcesBuildPhase section */

/* Begin XCBuildConfiguration section */
		04E6EA972B3C185C00B3A2B9 /* Debug */ = {
			isa = XCBuildConfiguration;
			buildSettings = {
				ALWAYS_SEARCH_USER_PATHS = NO;
				ASSETCATALOG_COMPILER_GENERATE_SWIFT_ASSET_SYMBOL_EXTENSIONS = YES;
				CLANG_ANALYZER_NONNULL = YES;
				CLANG_ANALYZER_NUMBER_OBJECT_CONVERSION = YES_AGGRESSIVE;
				CLANG_CXX_LANGUAGE_STANDARD = "gnu++20";
				CLANG_ENABLE_MODULES = YES;
				CLANG_ENABLE_OBJC_ARC = YES;
				CLANG_ENABLE_OBJC_WEAK = YES;
				CLANG_WARN_BLOCK_CAPTURE_AUTORELEASING = YES;
				CLANG_WARN_BOOL_CONVERSION = YES;
				CLANG_WARN_COMMA = YES;
				CLANG_WARN_CONSTANT_CONVERSION = YES;
				CLANG_WARN_DEPRECATED_OBJC_IMPLEMENTATIONS = YES;
				CLANG_WARN_DIRECT_OBJC_ISA_USAGE = YES_ERROR;
				CLANG_WARN_DOCUMENTATION_COMMENTS = YES;
				CLANG_WARN_EMPTY_BODY = YES;
				CLANG_WARN_ENUM_CONVERSION = YES;
				CLANG_WARN_INFINITE_RECURSION = YES;
				CLANG_WARN_INT_CONVERSION = YES;
				CLANG_WARN_NON_LITERAL_NULL_CONVERSION = YES;
				CLANG_WARN_OBJC_IMPLICIT_RETAIN_SELF = YES;
				CLANG_WARN_OBJC_LITERAL_CONVERSION = YES;
				CLANG_WARN_OBJC_ROOT_CLASS = YES_ERROR;
				CLANG_WARN_QUOTED_INCLUDE_IN_FRAMEWORK_HEADER = YES;
				CLANG_WARN_RANGE_LOOP_ANALYSIS = YES;
				CLANG_WARN_STRICT_PROTOTYPES = YES;
				CLANG_WARN_SUSPICIOUS_MOVE = YES;
				CLANG_WARN_UNGUARDED_AVAILABILITY = YES_AGGRESSIVE;
				CLANG_WARN_UNREACHABLE_CODE = YES;
				CLANG_WARN__DUPLICATE_METHOD_MATCH = YES;
				COPY_PHASE_STRIP = NO;
				DEBUG_INFORMATION_FORMAT = dwarf;
				ENABLE_STRICT_OBJC_MSGSEND = YES;
				ENABLE_TESTABILITY = YES;
				ENABLE_USER_SCRIPT_SANDBOXING = YES;
				GCC_C_LANGUAGE_STANDARD = gnu17;
				GCC_DYNAMIC_NO_PIC = NO;
				GCC_NO_COMMON_BLOCKS = YES;
				GCC_OPTIMIZATION_LEVEL = 0;
				GCC_PREPROCESSOR_DEFINITIONS = (
					"DEBUG=1",
					"$(inherited)",
				);
				GCC_WARN_64_TO_32_BIT_CONVERSION = YES;
				GCC_WARN_ABOUT_RETURN_TYPE = YES_ERROR;
				GCC_WARN_UNDECLARED_SELECTOR = YES;
				GCC_WARN_UNINITIALIZED_AUTOS = YES_AGGRESSIVE;
				GCC_WARN_UNUSED_FUNCTION = YES;
				GCC_WARN_UNUSED_VARIABLE = YES;
				IPHONEOS_DEPLOYMENT_TARGET = 17.2;
				LOCALIZATION_PREFERS_STRING_CATALOGS = YES;
				MTL_ENABLE_DEBUG_INFO = INCLUDE_SOURCE;
				MTL_FAST_MATH = YES;
				ONLY_ACTIVE_ARCH = YES;
				SDKROOT = iphoneos;
				SWIFT_ACTIVE_COMPILATION_CONDITIONS = "DEBUG $(inherited)";
				SWIFT_OPTIMIZATION_LEVEL = "-Onone";
			};
			name = Debug;
		};
		04E6EA982B3C185C00B3A2B9 /* Release */ = {
			isa = XCBuildConfiguration;
			buildSettings = {
				ALWAYS_SEARCH_USER_PATHS = NO;
				ASSETCATALOG_COMPILER_GENERATE_SWIFT_ASSET_SYMBOL_EXTENSIONS = YES;
				CLANG_ANALYZER_NONNULL = YES;
				CLANG_ANALYZER_NUMBER_OBJECT_CONVERSION = YES_AGGRESSIVE;
				CLANG_CXX_LANGUAGE_STANDARD = "gnu++20";
				CLANG_ENABLE_MODULES = YES;
				CLANG_ENABLE_OBJC_ARC = YES;
				CLANG_ENABLE_OBJC_WEAK = YES;
				CLANG_WARN_BLOCK_CAPTURE_AUTORELEASING = YES;
				CLANG_WARN_BOOL_CONVERSION = YES;
				CLANG_WARN_COMMA = YES;
				CLANG_WARN_CONSTANT_CONVERSION = YES;
				CLANG_WARN_DEPRECATED_OBJC_IMPLEMENTATIONS = YES;
				CLANG_WARN_DIRECT_OBJC_ISA_USAGE = YES_ERROR;
				CLANG_WARN_DOCUMENTATION_COMMENTS = YES;
				CLANG_WARN_EMPTY_BODY = YES;
				CLANG_WARN_ENUM_CONVERSION = YES;
				CLANG_WARN_INFINITE_RECURSION = YES;
				CLANG_WARN_INT_CONVERSION = YES;
				CLANG_WARN_NON_LITERAL_NULL_CONVERSION = YES;
				CLANG_WARN_OBJC_IMPLICIT_RETAIN_SELF = YES;
				CLANG_WARN_OBJC_LITERAL_CONVERSION = YES;
				CLANG_WARN_OBJC_ROOT_CLASS = YES_ERROR;
				CLANG_WARN_QUOTED_INCLUDE_IN_FRAMEWORK_HEADER = YES;
				CLANG_WARN_RANGE_LOOP_ANALYSIS = YES;
				CLANG_WARN_STRICT_PROTOTYPES = YES;
				CLANG_WARN_SUSPICIOUS_MOVE = YES;
				CLANG_WARN_UNGUARDED_AVAILABILITY = YES_AGGRESSIVE;
				CLANG_WARN_UNREACHABLE_CODE = YES;
				CLANG_WARN__DUPLICATE_METHOD_MATCH = YES;
				COPY_PHASE_STRIP = NO;
				DEBUG_INFORMATION_FORMAT = "dwarf-with-dsym";
				ENABLE_NS_ASSERTIONS = NO;
				ENABLE_STRICT_OBJC_MSGSEND = YES;
				ENABLE_USER_SCRIPT_SANDBOXING = YES;
				GCC_C_LANGUAGE_STANDARD = gnu17;
				GCC_NO_COMMON_BLOCKS = YES;
				GCC_WARN_64_TO_32_BIT_CONVERSION = YES;
				GCC_WARN_ABOUT_RETURN_TYPE = YES_ERROR;
				GCC_WARN_UNDECLARED_SELECTOR = YES;
				GCC_WARN_UNINITIALIZED_AUTOS = YES_AGGRESSIVE;
				GCC_WARN_UNUSED_FUNCTION = YES;
				GCC_WARN_UNUSED_VARIABLE = YES;
				IPHONEOS_DEPLOYMENT_TARGET = 17.2;
				LOCALIZATION_PREFERS_STRING_CATALOGS = YES;
				MTL_ENABLE_DEBUG_INFO = NO;
				MTL_FAST_MATH = YES;
				SDKROOT = iphoneos;
				SWIFT_COMPILATION_MODE = wholemodule;
				VALIDATE_PRODUCT = YES;
			};
			name = Release;
		};
		04E6EA9A2B3C185C00B3A2B9 /* Debug */ = {
			isa = XCBuildConfiguration;
			buildSettings = {
				ASSETCATALOG_COMPILER_APPICON_NAME = AppIcon;
				ASSETCATALOG_COMPILER_GLOBAL_ACCENT_COLOR_NAME = AccentColor;
				CODE_SIGN_STYLE = Automatic;
				CURRENT_PROJECT_VERSION = 1;
				DEVELOPMENT_ASSET_PATHS = "\"HW-4.5-DY/Resources/Preview Content\"";
				DEVELOPMENT_TEAM = VDM65QNNS4;
				ENABLE_PREVIEWS = YES;
				GENERATE_INFOPLIST_FILE = YES;
				INFOPLIST_KEY_UIApplicationSceneManifest_Generation = YES;
				INFOPLIST_KEY_UIApplicationSupportsIndirectInputEvents = YES;
				INFOPLIST_KEY_UILaunchScreen_Generation = YES;
				INFOPLIST_KEY_UISupportedInterfaceOrientations_iPad = "UIInterfaceOrientationPortrait UIInterfaceOrientationPortraitUpsideDown UIInterfaceOrientationLandscapeLeft UIInterfaceOrientationLandscapeRight";
				INFOPLIST_KEY_UISupportedInterfaceOrientations_iPhone = "UIInterfaceOrientationPortrait UIInterfaceOrientationLandscapeLeft UIInterfaceOrientationLandscapeRight";
				LD_RUNPATH_SEARCH_PATHS = (
					"$(inherited)",
					"@executable_path/Frameworks",
				);
				MARKETING_VERSION = 1.0;
				PRODUCT_BUNDLE_IDENTIFIER = "com.Denis-Yarets.HW-4-5-DY";
				PRODUCT_NAME = "$(TARGET_NAME)";
				SWIFT_EMIT_LOC_STRINGS = YES;
				SWIFT_VERSION = 5.0;
				TARGETED_DEVICE_FAMILY = "1,2";
			};
			name = Debug;
		};
		04E6EA9B2B3C185C00B3A2B9 /* Release */ = {
			isa = XCBuildConfiguration;
			buildSettings = {
				ASSETCATALOG_COMPILER_APPICON_NAME = AppIcon;
				ASSETCATALOG_COMPILER_GLOBAL_ACCENT_COLOR_NAME = AccentColor;
				CODE_SIGN_STYLE = Automatic;
				CURRENT_PROJECT_VERSION = 1;
				DEVELOPMENT_ASSET_PATHS = "\"HW-4.5-DY/Resources/Preview Content\"";
				DEVELOPMENT_TEAM = VDM65QNNS4;
				ENABLE_PREVIEWS = YES;
				GENERATE_INFOPLIST_FILE = YES;
				INFOPLIST_KEY_UIApplicationSceneManifest_Generation = YES;
				INFOPLIST_KEY_UIApplicationSupportsIndirectInputEvents = YES;
				INFOPLIST_KEY_UILaunchScreen_Generation = YES;
				INFOPLIST_KEY_UISupportedInterfaceOrientations_iPad = "UIInterfaceOrientationPortrait UIInterfaceOrientationPortraitUpsideDown UIInterfaceOrientationLandscapeLeft UIInterfaceOrientationLandscapeRight";
				INFOPLIST_KEY_UISupportedInterfaceOrientations_iPhone = "UIInterfaceOrientationPortrait UIInterfaceOrientationLandscapeLeft UIInterfaceOrientationLandscapeRight";
				LD_RUNPATH_SEARCH_PATHS = (
					"$(inherited)",
					"@executable_path/Frameworks",
				);
				MARKETING_VERSION = 1.0;
				PRODUCT_BUNDLE_IDENTIFIER = "com.Denis-Yarets.HW-4-5-DY";
				PRODUCT_NAME = "$(TARGET_NAME)";
				SWIFT_EMIT_LOC_STRINGS = YES;
				SWIFT_VERSION = 5.0;
				TARGETED_DEVICE_FAMILY = "1,2";
			};
			name = Release;
		};
/* End XCBuildConfiguration section */

/* Begin XCConfigurationList section */
		04E6EA862B3C185B00B3A2B9 /* Build configuration list for PBXProject "HW-4.5-DY" */ = {
			isa = XCConfigurationList;
			buildConfigurations = (
				04E6EA972B3C185C00B3A2B9 /* Debug */,
				04E6EA982B3C185C00B3A2B9 /* Release */,
			);
			defaultConfigurationIsVisible = 0;
			defaultConfigurationName = Release;
		};
		04E6EA992B3C185C00B3A2B9 /* Build configuration list for PBXNativeTarget "HW-4.5-DY" */ = {
			isa = XCConfigurationList;
			buildConfigurations = (
				04E6EA9A2B3C185C00B3A2B9 /* Debug */,
				04E6EA9B2B3C185C00B3A2B9 /* Release */,
			);
			defaultConfigurationIsVisible = 0;
			defaultConfigurationName = Release;
		};
/* End XCConfigurationList section */
	};
	rootObject = 04E6EA832B3C185B00B3A2B9 /* Project object */;
}
